
Microsoft Visual Studio Solution File, Format Version 10.00
# Visual Studio 2008
Project("{8BC9CEB8-8B4A-11D0-8D11-00A0C91BC942}") = "TestDialog", "TestDialog\TestDialog.vcproj", "{10DD23A5-C6BA-4516-A56C-ED1AED2C7A1B}"
EndProject
Global
	GlobalSection(SolutionConfigurationPlatforms) = preSolution
		Debug|Win32 = Debug|Win32
		Release|Win32 = Release|Win32
	EndGlobalSection
	GlobalSection(ProjectConfigurationPlatforms) = postSolution
		{10DD23A5-C6BA-4516-A56C-ED1AED2C7A1B}.Debug|Win32.ActiveCfg = Debug|Win32
		{10DD23A5-C6BA-4516-A56C-ED1AED2C7A1B}.Debug|Win32.Build.0 = Debug|Win32
		{10DD23A5-C6BA-4516-A56C-ED1AED2C7A1B}.Release|Win32.ActiveCfg = Release|Win32
		{10DD23A5-C6BA-4516-A56C-ED1AED2C7A1B}.Release|Win32.Build.0 = Release|Win32
	EndGlobalSection
	GlobalSection(SolutionProperties) = preSolution
		HideSolutionNode = FALSE
	EndGlobalSection
EndGlobal
